github.com/theQRL/go-qrllib v0.1.3-0.20260108140359-873544fa56e8 h1:RLSKB1Ld09KjHIiih979zCILfXbznPYMbwgDKxxRK/E=
github.com/theQRL/go-qrllib v0.1.3-0.20260108140359-873544fa56e8/go.mod h1:hScO+f9fkGM2k/vBAtNzJ1OMppGJGC1QfZV7aL36c88=
golang.org/x/crypto v0.53.0 h1:QZ4Muo8THX6CizN2vPPd5fBGHyogrdK9fG4wLPFUsto=
golang.org/x/crypto v0.53.0/go.mod h1:DNLU434OwVakk9PzuwV8w62mAJpRJL3vsgcfp4Qnsio=
golang.org/x/sys v0.46.0 h1:noSf2Fq6F8DBgS+LysIkx7rIExoNHJsxOAtPp4rthXw=
golang.org/x/sys v0.46.0/go.mod h1:4GL1E5IUh+htKOUEOaiffhrAeqysfVGipDYzABqnCmw=
